
Microsoft Visual Studio Solution File, Format Version 12.00
# Visual Studio 15
Project("{FAE04EC0-301F-11D3-BF4B-00C04F79EFBC}") = "Assembly-CSharp", "Assembly-CSharp.csproj", "{F55E9157-9CA3-5037-9B91-DC159E34366A}"
EndProject
Project("{FAE04EC0-301F-11D3-BF4B-00C04F79EFBC}") = "Assembly-CSharp-Editor", "Assembly-CSharp-Editor.csproj", "{1677E6EC-E31E-F634-303C-89A2E2A8B277}"
EndProject
Project("{FAE04EC0-301F-11D3-BF4B-00C04F79EFBC}") = "AdjustPivot.Editor", "AdjustPivot.Editor.csproj", "{CB230E02-D18C-1ACA-F10B-6BA83E96E944}"
EndProject
Global
	GlobalSection(SolutionConfigurationPlatforms) = preSolution
		Debug|Any CPU = Debug|Any CPU
		Release|Any CPU = Release|Any CPU
	EndGlobalSection
	GlobalSection(ProjectConfigurationPlatforms) = postSolution
		{F55E9157-9CA3-5037-9B91-DC159E34366A}.Debug|Any CPU.ActiveCfg = Debug|Any CPU
		{F55E9157-9CA3-5037-9B91-DC159E34366A}.Debug|Any CPU.Build.0 = Debug|Any CPU
		{F55E9157-9CA3-5037-9B91-DC159E34366A}.Release|Any CPU.ActiveCfg = Release|Any CPU
		{F55E9157-9CA3-5037-9B91-DC159E34366A}.Release|Any CPU.Build.0 = Release|Any CPU
		{1677E6EC-E31E-F634-303C-89A2E2A8B277}.Debug|Any CPU.ActiveCfg = Debug|Any CPU
		{1677E6EC-E31E-F634-303C-89A2E2A8B277}.Debug|Any CPU.Build.0 = Debug|Any CPU
		{1677E6EC-E31E-F634-303C-89A2E2A8B277}.Release|Any CPU.ActiveCfg = Release|Any CPU
		{1677E6EC-E31E-F634-303C-89A2E2A8B277}.Release|Any CPU.Build.0 = Release|Any CPU
		{CB230E02-D18C-1ACA-F10B-6BA83E96E944}.Debug|Any CPU.ActiveCfg = Debug|Any CPU
		{CB230E02-D18C-1ACA-F10B-6BA83E96E944}.Debug|Any CPU.Build.0 = Debug|Any CPU
		{CB230E02-D18C-1ACA-F10B-6BA83E96E944}.Release|Any CPU.ActiveCfg = Release|Any CPU
		{CB230E02-D18C-1ACA-F10B-6BA83E96E944}.Release|Any CPU.Build.0 = Release|Any CPU
	EndGlobalSection
	GlobalSection(SolutionProperties) = preSolution
		HideSolutionNode = FALSE
	EndGlobalSection
EndGlobal
